
Microsoft Visual Studio Solution File, Format Version 12.00
# Visual Studio Version 17
VisualStudioVersion = 17.10.35013.160
MinimumVisualStudioVersion = 10.0.40219.1
Project("{9A19103F-16F7-4668-BE54-9A1E7A4F7556}") = "Prueba_Tecnica", "Prueba_Tecnica\Prueba_Tecnica.csproj", "{7C79017D-7AFD-45B9-81FD-1CA35DA0CC22}"
EndProject
Project("{9A19103F-16F7-4668-BE54-9A1E7A4F7556}") = "Test", "..\Prueba_Tecnica1\Prueba_Tecnica1\Test.csproj", "{2EEA36B0-430D-4908-9210-1DAD7192956F}"
EndProject
Global
	GlobalSection(SolutionConfigurationPlatforms) = preSolution
		Debug|Any CPU = Debug|Any CPU
		Release|Any CPU = Release|Any CPU
	EndGlobalSection
	GlobalSection(ProjectConfigurationPlatforms) = postSolution
		{7C79017D-7AFD-45B9-81FD-1CA35DA0CC22}.Debug|Any CPU.ActiveCfg = Debug|Any CPU
		{7C79017D-7AFD-45B9-81FD-1CA35DA0CC22}.Debug|Any CPU.Build.0 = Debug|Any CPU
		{7C79017D-7AFD-45B9-81FD-1CA35DA0CC22}.Release|Any CPU.ActiveCfg = Release|Any CPU
		{7C79017D-7AFD-45B9-81FD-1CA35DA0CC22}.Release|Any CPU.Build.0 = Release|Any CPU
		{2EEA36B0-430D-4908-9210-1DAD7192956F}.Debug|Any CPU.ActiveCfg = Debug|Any CPU
		{2EEA36B0-430D-4908-9210-1DAD7192956F}.Debug|Any CPU.Build.0 = Debug|Any CPU
		{2EEA36B0-430D-4908-9210-1DAD7192956F}.Release|Any CPU.ActiveCfg = Release|Any CPU
		{2EEA36B0-430D-4908-9210-1DAD7192956F}.Release|Any CPU.Build.0 = Release|Any CPU
	EndGlobalSection
	GlobalSection(SolutionProperties) = preSolution
		HideSolutionNode = FALSE
	EndGlobalSection
	GlobalSection(ExtensibilityGlobals) = postSolution
		SolutionGuid = {1A02BAD0-C281-4698-9467-E10EDBB9165E}
	EndGlobalSection
EndGlobal
